
Microsoft Visual Studio Solution File, Format Version 12.00
# Visual Studio Version 17
VisualStudioVersion = 17.11.35312.102
MinimumVisualStudioVersion = 10.0.40219.1
Project("{FAE04EC0-301F-11D3-BF4B-00C04F79EFBC}") = "RefaccionariaLosMochis", "RefaccionariaLosMochis\RefaccionariaLosMochis.csproj", "{8FD2B46F-C7AE-4DD3-9DDA-E8B5BCD39CFF}"
EndProject
Project("{FAE04EC0-301F-11D3-BF4B-00C04F79EFBC}") = "CapaDatos", "CapaDatos\CapaDatos.csproj", "{474144E1-B455-42DC-BAE5-8801473125F8}"
EndProject
Project("{FAE04EC0-301F-11D3-BF4B-00C04F79EFBC}") = "CapaEntidad", "CapaEntidad\CapaEntidad.csproj", "{540600AD-61CC-4269-A1BE-18824404028B}"
EndProject
Global
	GlobalSection(SolutionConfigurationPlatforms) = preSolution
		Debug|Any CPU = Debug|Any CPU
		Release|Any CPU = Release|Any CPU
	EndGlobalSection
	GlobalSection(ProjectConfigurationPlatforms) = postSolution
		{8FD2B46F-C7AE-4DD3-9DDA-E8B5BCD39CFF}.Debug|Any CPU.ActiveCfg = Debug|Any CPU
		{8FD2B46F-C7AE-4DD3-9DDA-E8B5BCD39CFF}.Debug|Any CPU.Build.0 = Debug|Any CPU
		{8FD2B46F-C7AE-4DD3-9DDA-E8B5BCD39CFF}.Release|Any CPU.ActiveCfg = Release|Any CPU
		{8FD2B46F-C7AE-4DD3-9DDA-E8B5BCD39CFF}.Release|Any CPU.Build.0 = Release|Any CPU
		{474144E1-B455-42DC-BAE5-8801473125F8}.Debug|Any CPU.ActiveCfg = Debug|Any CPU
		{474144E1-B455-42DC-BAE5-8801473125F8}.Debug|Any CPU.Build.0 = Debug|Any CPU
		{474144E1-B455-42DC-BAE5-8801473125F8}.Release|Any CPU.ActiveCfg = Release|Any CPU
		{474144E1-B455-42DC-BAE5-8801473125F8}.Release|Any CPU.Build.0 = Release|Any CPU
		{540600AD-61CC-4269-A1BE-18824404028B}.Debug|Any CPU.ActiveCfg = Debug|Any CPU
		{540600AD-61CC-4269-A1BE-18824404028B}.Debug|Any CPU.Build.0 = Debug|Any CPU
		{540600AD-61CC-4269-A1BE-18824404028B}.Release|Any CPU.ActiveCfg = Release|Any CPU
		{540600AD-61CC-4269-A1BE-18824404028B}.Release|Any CPU.Build.0 = Release|Any CPU
	EndGlobalSection
	GlobalSection(SolutionProperties) = preSolution
		HideSolutionNode = FALSE
	EndGlobalSection
	GlobalSection(ExtensibilityGlobals) = postSolution
		SolutionGuid = {97E52A14-058E-4EEA-94EC-7620726FF58B}
	EndGlobalSection
EndGlobal
